{
  "name": "js13k-2023",
  "lockfileVersion": 2,
  "requires": true,
  "packages": {
    "": {
      "dependencies": {
        "kontra": "^9.0.0",
        "rollup": "^3.29.1"
      }
    },
    "node_modules/fsevents": {
      "version": "2.3.3",
      "resolved": "https://registry.npmjs.org/fsevents/-/fsevents-2.3.3.tgz",
      "integrity": "sha512-5xoDfX+fL7faATnagmWPpbFtwh/R77WmMMqqHGS65C3vvB0YHrgF+B1YmZ3441tMj5n63k0212XNoJwzlhffQw==",
      "hasInstallScript": true,
      "optional": true,
      "os": [
        "darwin"
      ],
      "engines": {
        "node": "^8.16.0 || ^10.6.0 || >=11.0.0"
      }
    },
    "node_modules/kontra": {
      "version": "9.0.0",
      "resolved": "https://registry.npmjs.org/kontra/-/kontra-9.0.0.tgz",
      "integrity": "sha512-/8A3vsLP4OuSHlNTaF4f9tq7+AG0F2OqtlUcfQwwlRVtmrIpm1jVeKORu5EpKRxciLVG/9RkOAOgCwPwN0fVhw==",
      "engines": {
        "node": ">=14.0.0"
      }
    },
    "node_modules/rollup": {
      "version": "3.29.1",
      "resolved": "https://registry.npmjs.org/rollup/-/rollup-3.29.1.tgz",
      "integrity": "sha512-c+ebvQz0VIH4KhhCpDsI+Bik0eT8ZFEVZEYw0cGMVqIP8zc+gnwl7iXCamTw7vzv2MeuZFZfdx5JJIq+ehzDlg==",
      "bin": {
        "rollup": "dist/bin/rollup"
      },
      "engines": {
        "node": ">=14.18.0",
        "npm": ">=8.0.0"
      },
      "optionalDependencies": {
        "fsevents": "~2.3.2"
      }
    }
  },
  "dependencies": {
    "fsevents": {
      "version": "2.3.3",
      "resolved": "https://registry.npmjs.org/fsevents/-/fsevents-2.3.3.tgz",
      "integrity": "sha512-5xoDfX+fL7faATnagmWPpbFtwh/R77WmMMqqHGS65C3vvB0YHrgF+B1YmZ3441tMj5n63k0212XNoJwzlhffQw==",
      "optional": true
    },
    "kontra": {
      "version": "9.0.0",
      "resolved": "https://registry.npmjs.org/kontra/-/kontra-9.0.0.tgz",
      "integrity": "sha512-/8A3vsLP4OuSHlNTaF4f9tq7+AG0F2OqtlUcfQwwlRVtmrIpm1jVeKORu5EpKRxciLVG/9RkOAOgCwPwN0fVhw=="
    },
    "rollup": {
      "version": "3.29.1",
      "resolved": "https://registry.npmjs.org/rollup/-/rollup-3.29.1.tgz",
      "integrity": "sha512-c+ebvQz0VIH4KhhCpDsI+Bik0eT8ZFEVZEYw0cGMVqIP8zc+gnwl7iXCamTw7vzv2MeuZFZfdx5JJIq+ehzDlg==",
      "requires": {
        "fsevents": "~2.3.2"
      }
    }
  }
}
